
Microsoft Visual Studio Solution File, Format Version 12.00
# Visual Studio Version 17
VisualStudioVersion = 17.13.35919.96 d17.13
MinimumVisualStudioVersion = 10.0.40219.1
Project("{FAE04EC0-301F-11D3-BF4B-00C04F79EFBC}") = "CakeBuild", "striketheearth\CakeBuild\CakeBuild.csproj", "{93C0BBA4-9F54-4060-878C-C25716049913}"
EndProject
Project("{FAE04EC0-301F-11D3-BF4B-00C04F79EFBC}") = "StrikeTheEarth", "striketheearth\striketheearth\StrikeTheEarth.csproj", "{3704E606-44CD-4621-8AFC-B47577B47050}"
EndProject
Global
	GlobalSection(SolutionConfigurationPlatforms) = preSolution
		Debug|Any CPU = Debug|Any CPU
		Release|Any CPU = Release|Any CPU
	EndGlobalSection
	GlobalSection(ProjectConfigurationPlatforms) = postSolution
		{93C0BBA4-9F54-4060-878C-C25716049913}.Debug|Any CPU.ActiveCfg = Debug|Any CPU
		{93C0BBA4-9F54-4060-878C-C25716049913}.Debug|Any CPU.Build.0 = Debug|Any CPU
		{93C0BBA4-9F54-4060-878C-C25716049913}.Release|Any CPU.ActiveCfg = Release|Any CPU
		{93C0BBA4-9F54-4060-878C-C25716049913}.Release|Any CPU.Build.0 = Release|Any CPU
		{3704E606-44CD-4621-8AFC-B47577B47050}.Debug|Any CPU.ActiveCfg = Debug|Any CPU
		{3704E606-44CD-4621-8AFC-B47577B47050}.Debug|Any CPU.Build.0 = Debug|Any CPU
		{3704E606-44CD-4621-8AFC-B47577B47050}.Release|Any CPU.ActiveCfg = Release|Any CPU
		{3704E606-44CD-4621-8AFC-B47577B47050}.Release|Any CPU.Build.0 = Release|Any CPU
	EndGlobalSection
	GlobalSection(SolutionProperties) = preSolution
		HideSolutionNode = FALSE
	EndGlobalSection
	GlobalSection(ExtensibilityGlobals) = postSolution
		SolutionGuid = {ACB60BB4-63D0-405D-B3EC-C8414996E7A3}
	EndGlobalSection
EndGlobal
